
Microsoft Visual Studio Solution File, Format Version 12.00
# Visual Studio Version 16
VisualStudioVersion = 16.0.31515.178
MinimumVisualStudioVersion = 10.0.40219.1
Project("{FAE04EC0-301F-11D3-BF4B-00C04F79EFBC}") = "New.Prog.ONE", "New.Prog.ONE.csproj", "{F791D07E-CBCE-4A15-81AA-806615D909EB}"
EndProject
Global
	GlobalSection(SolutionConfigurationPlatforms) = preSolution
		Debug|Any CPU = Debug|Any CPU
		Release|Any CPU = Release|Any CPU
	EndGlobalSection
	GlobalSection(ProjectConfigurationPlatforms) = postSolution
		{F791D07E-CBCE-4A15-81AA-806615D909EB}.Debug|Any CPU.ActiveCfg = Debug|Any CPU
		{F791D07E-CBCE-4A15-81AA-806615D909EB}.Debug|Any CPU.Build.0 = Debug|Any CPU
		{F791D07E-CBCE-4A15-81AA-806615D909EB}.Release|Any CPU.ActiveCfg = Release|Any CPU
		{F791D07E-CBCE-4A15-81AA-806615D909EB}.Release|Any CPU.Build.0 = Release|Any CPU
	EndGlobalSection
	GlobalSection(SolutionProperties) = preSolution
		HideSolutionNode = FALSE
	EndGlobalSection
	GlobalSection(ExtensibilityGlobals) = postSolution
		SolutionGuid = {879D7B93-E7FB-4A74-B154-BABEB6AED0BF}
	EndGlobalSection
EndGlobal
